// !$*UTF8*$!
{
	archiveVersion = 1;
	classes = {
	};
	objectVersion = 56;
	objects = {

/* Begin PBXBuildFile section */
		502622752937A3D200B5AD11 /* AppDelegate.swift in Sources */ = {isa = PBXBuildFile; fileRef = 502622742937A3D200B5AD11 /* AppDelegate.swift */; };
		502622772937A3D200B5AD11 /* SceneDelegate.swift in Sources */ = {isa = PBXBuildFile; fileRef = 502622762937A3D200B5AD11 /* SceneDelegate.swift */; };
		502622792937A3D200B5AD11 /* MainViewController.swift in Sources */ = {isa = PBXBuildFile; fileRef = 502622782937A3D200B5AD11 /* MainViewController.swift */; };
		5026227C2937A3D200B5AD11 /* Main.storyboard in Resources */ = {isa = PBXBuildFile; fileRef = 5026227A2937A3D200B5AD11 /* Main.storyboard */; };
		5026227E2937A3D300B5AD11 /* Assets.xcassets in Resources */ = {isa = PBXBuildFile; fileRef = 5026227D2937A3D300B5AD11 /* Assets.xcassets */; };
		502622812937A3D300B5AD11 /* LaunchScreen.storyboard in Resources */ = {isa = PBXBuildFile; fileRef = 5026227F2937A3D300B5AD11 /* LaunchScreen.storyboard */; };
		509D590429A69B2A008FCC45 /* Alamofire in Frameworks */ = {isa = PBXBuildFile; productRef = 509D590329A69B2A008FCC45 /* Alamofire */; };
		509D590829A6B6AC008FCC45 /* BreweryCell.swift in Sources */ = {isa = PBXBuildFile; fileRef = 509D590729A6B6AC008FCC45 /* BreweryCell.swift */; };
		50A7CF812950FD8200EDB39E /* NetworkManager.swift in Sources */ = {isa = PBXBuildFile; fileRef = 50A7CF802950FD8200EDB39E /* NetworkManager.swift */; };
		50C03E46295346580072D8D4 /* BreweryTableViewController.swift in Sources */ = {isa = PBXBuildFile; fileRef = 50C03E45295346580072D8D4 /* BreweryTableViewController.swift */; };
		50EEF21A2937A6FC00F61B85 /* Brewery.swift in Sources */ = {isa = PBXBuildFile; fileRef = 50EEF2192937A6FC00F61B85 /* Brewery.swift */; };
/* End PBXBuildFile section */

/* Begin PBXFileReference section */
		502622712937A3D200B5AD11 /* USBreweries.app */ = {isa = PBXFileReference; explicitFileType = wrapper.application; includeInIndex = 0; path = USBreweries.app; sourceTree = BUILT_PRODUCTS_DIR; };
		502622742937A3D200B5AD11 /* AppDelegate.swift */ = {isa = PBXFileReference; lastKnownFileType = sourcecode.swift; path = AppDelegate.swift; sourceTree = "<group>"; };
		502622762937A3D200B5AD11 /* SceneDelegate.swift */ = {isa = PBXFileReference; lastKnownFileType = sourcecode.swift; path = SceneDelegate.swift; sourceTree = "<group>"; };
		502622782937A3D200B5AD11 /* MainViewController.swift */ = {isa = PBXFileReference; lastKnownFileType = sourcecode.swift; path = MainViewController.swift; sourceTree = "<group>"; };
		5026227B2937A3D200B5AD11 /* Base */ = {isa = PBXFileReference; lastKnownFileType = file.storyboard; name = Base; path = Base.lproj/Main.storyboard; sourceTree = "<group>"; };
		5026227D2937A3D300B5AD11 /* Assets.xcassets */ = {isa = PBXFileReference; lastKnownFileType = folder.assetcatalog; path = Assets.xcassets; sourceTree = "<group>"; };
		502622802937A3D300B5AD11 /* Base */ = {isa = PBXFileReference; lastKnownFileType = file.storyboard; name = Base; path = Base.lproj/LaunchScreen.storyboard; sourceTree = "<group>"; };
		502622822937A3D300B5AD11 /* Info.plist */ = {isa = PBXFileReference; lastKnownFileType = text.plist.xml; path = Info.plist; sourceTree = "<group>"; };
		509D590729A6B6AC008FCC45 /* BreweryCell.swift */ = {isa = PBXFileReference; lastKnownFileType = sourcecode.swift; path = BreweryCell.swift; sourceTree = "<group>"; };
		50A7CF802950FD8200EDB39E /* NetworkManager.swift */ = {isa = PBXFileReference; lastKnownFileType = sourcecode.swift; path = NetworkManager.swift; sourceTree = "<group>"; };
		50C03E45295346580072D8D4 /* BreweryTableViewController.swift */ = {isa = PBXFileReference; lastKnownFileType = sourcecode.swift; path = BreweryTableViewController.swift; sourceTree = "<group>"; };
		50EEF2192937A6FC00F61B85 /* Brewery.swift */ = {isa = PBXFileReference; lastKnownFileType = sourcecode.swift; path = Brewery.swift; sourceTree = "<group>"; };
/* End PBXFileReference section */

/* Begin PBXFrameworksBuildPhase section */
		5026226E2937A3D200B5AD11 /* Frameworks */ = {
			isa = PBXFrameworksBuildPhase;
			buildActionMask = 2147483647;
			files = (
				509D590429A69B2A008FCC45 /* Alamofire in Frameworks */,
			);
			runOnlyForDeploymentPostprocessing = 0;
		};
/* End PBXFrameworksBuildPhase section */

/* Begin PBXGroup section */
		502622682937A3D200B5AD11 = {
			isa = PBXGroup;
			children = (
				502622732937A3D200B5AD11 /* USBreweries */,
				502622722937A3D200B5AD11 /* Products */,
			);
			sourceTree = "<group>";
		};
		502622722937A3D200B5AD11 /* Products */ = {
			isa = PBXGroup;
			children = (
				502622712937A3D200B5AD11 /* USBreweries.app */,
			);
			name = Products;
			sourceTree = "<group>";
		};
		502622732937A3D200B5AD11 /* USBreweries */ = {
			isa = PBXGroup;
			children = (
				5060F39529A90B3F00F0B63E /* Services */,
				50EEF2182937A6CF00F61B85 /* Models */,
				50EEF2172937A6BC00F61B85 /* ViewControllers */,
				50EEF2162937A6AB00F61B85 /* Storyboards */,
				50EEF2152937A69400F61B85 /* Delegates */,
				5026227D2937A3D300B5AD11 /* Assets.xcassets */,
				502622822937A3D300B5AD11 /* Info.plist */,
			);
			path = USBreweries;
			sourceTree = "<group>";
		};
		5060F39529A90B3F00F0B63E /* Services */ = {
			isa = PBXGroup;
			children = (
				50A7CF802950FD8200EDB39E /* NetworkManager.swift */,
			);
			path = Services;
			sourceTree = "<group>";
		};
		50EEF2152937A69400F61B85 /* Delegates */ = {
			isa = PBXGroup;
			children = (
				502622742937A3D200B5AD11 /* AppDelegate.swift */,
				502622762937A3D200B5AD11 /* SceneDelegate.swift */,
			);
			path = Delegates;
			sourceTree = "<group>";
		};
		50EEF2162937A6AB00F61B85 /* Storyboards */ = {
			isa = PBXGroup;
			children = (
				5026227A2937A3D200B5AD11 /* Main.storyboard */,
				5026227F2937A3D300B5AD11 /* LaunchScreen.storyboard */,
			);
			path = Storyboards;
			sourceTree = "<group>";
		};
		50EEF2172937A6BC00F61B85 /* ViewControllers */ = {
			isa = PBXGroup;
			children = (
				502622782937A3D200B5AD11 /* MainViewController.swift */,
				50C03E45295346580072D8D4 /* BreweryTableViewController.swift */,
				509D590729A6B6AC008FCC45 /* BreweryCell.swift */,
			);
			path = ViewControllers;
			sourceTree = "<group>";
		};
		50EEF2182937A6CF00F61B85 /* Models */ = {
			isa = PBXGroup;
			children = (
				50EEF2192937A6FC00F61B85 /* Brewery.swift */,
			);
			path = Models;
			sourceTree = "<group>";
		};
/* End PBXGroup section */

/* Begin PBXNativeTarget section */
		502622702937A3D200B5AD11 /* USBreweries */ = {
			isa = PBXNativeTarget;
			buildConfigurationList = 502622852937A3D300B5AD11 /* Build configuration list for PBXNativeTarget "USBreweries" */;
			buildPhases = (
				5026226D2937A3D200B5AD11 /* Sources */,
				5026226E2937A3D200B5AD11 /* Frameworks */,
				5026226F2937A3D200B5AD11 /* Resources */,
			);
			buildRules = (
			);
			dependencies = (
			);
			name = USBreweries;
			packageProductDependencies = (
				509D590329A69B2A008FCC45 /* Alamofire */,
			);
			productName = USBreweries;
			productReference = 502622712937A3D200B5AD11 /* USBreweries.app */;
			productType = "com.apple.product-type.application";
		};
/* End PBXNativeTarget section */

/* Begin PBXProject section */
		502622692937A3D200B5AD11 /* Project object */ = {
			isa = PBXProject;
			attributes = {
				BuildIndependentTargetsInParallel = 1;
				LastSwiftUpdateCheck = 1410;
				LastUpgradeCheck = 1410;
				TargetAttributes = {
					502622702937A3D200B5AD11 = {
						CreatedOnToolsVersion = 14.1;
					};
				};
			};
			buildConfigurationList = 5026226C2937A3D200B5AD11 /* Build configuration list for PBXProject "USBreweries" */;
			compatibilityVersion = "Xcode 14.0";
			developmentRegion = en;
			hasScannedForEncodings = 0;
			knownRegions = (
				en,
				Base,
			);
			mainGroup = 502622682937A3D200B5AD11;
			packageReferences = (
				509D590229A69B2A008FCC45 /* XCRemoteSwiftPackageReference "Alamofire" */,
			);
			productRefGroup = 502622722937A3D200B5AD11 /* Products */;
			projectDirPath = "";
			projectRoot = "";
			targets = (
				502622702937A3D200B5AD11 /* USBreweries */,
			);
		};
/* End PBXProject section */

/* Begin PBXResourcesBuildPhase section */
		5026226F2937A3D200B5AD11 /* Resources */ = {
			isa = PBXResourcesBuildPhase;
			buildActionMask = 2147483647;
			files = (
				502622812937A3D300B5AD11 /* LaunchScreen.storyboard in Resources */,
				5026227E2937A3D300B5AD11 /* Assets.xcassets in Resources */,
				5026227C2937A3D200B5AD11 /* Main.storyboard in Resources */,
			);
			runOnlyForDeploymentPostprocessing = 0;
		};
/* End PBXResourcesBuildPhase section */

/* Begin PBXSourcesBuildPhase section */
		5026226D2937A3D200B5AD11 /* Sources */ = {
			isa = PBXSourcesBuildPhase;
			buildActionMask = 2147483647;
			files = (
				50EEF21A2937A6FC00F61B85 /* Brewery.swift in Sources */,
				509D590829A6B6AC008FCC45 /* BreweryCell.swift in Sources */,
				502622792937A3D200B5AD11 /* MainViewController.swift in Sources */,
				502622752937A3D200B5AD11 /* AppDelegate.swift in Sources */,
				50A7CF812950FD8200EDB39E /* NetworkManager.swift in Sources */,
				502622772937A3D200B5AD11 /* SceneDelegate.swift in Sources */,
				50C03E46295346580072D8D4 /* BreweryTableViewController.swift in Sources */,
			);
			runOnlyForDeploymentPostprocessing = 0;
		};
/* End PBXSourcesBuildPhase section */

/* Begin PBXVariantGroup section */
		5026227A2937A3D200B5AD11 /* Main.storyboard */ = {
			isa = PBXVariantGroup;
			children = (
				5026227B2937A3D200B5AD11 /* Base */,
			);
			name = Main.storyboard;
			sourceTree = "<group>";
		};
		5026227F2937A3D300B5AD11 /* LaunchScreen.storyboard */ = {
			isa = PBXVariantGroup;
			children = (
				502622802937A3D300B5AD11 /* Base */,
			);
			name = LaunchScreen.storyboard;
			sourceTree = "<group>";
		};
/* End PBXVariantGroup section */

/* Begin XCBuildConfiguration section */
		502622832937A3D300B5AD11 /* Debug */ = {
			isa = XCBuildConfiguration;
			buildSettings = {
				ALWAYS_SEARCH_USER_PATHS = NO;
				CLANG_ANALYZER_NONNULL = YES;
				CLANG_ANALYZER_NUMBER_OBJECT_CONVERSION = YES_AGGRESSIVE;
				CLANG_CXX_LANGUAGE_STANDARD = "gnu++20";
				CLANG_ENABLE_MODULES = YES;
				CLANG_ENABLE_OBJC_ARC = YES;
				CLANG_ENABLE_OBJC_WEAK = YES;
				CLANG_WARN_BLOCK_CAPTURE_AUTORELEASING = YES;
				CLANG_WARN_BOOL_CONVERSION = YES;
				CLANG_WARN_COMMA = YES;
				CLANG_WARN_CONSTANT_CONVERSION = YES;
				CLANG_WARN_DEPRECATED_OBJC_IMPLEMENTATIONS = YES;
				CLANG_WARN_DIRECT_OBJC_ISA_USAGE = YES_ERROR;
				CLANG_WARN_DOCUMENTATION_COMMENTS = YES;
				CLANG_WARN_EMPTY_BODY = YES;
				CLANG_WARN_ENUM_CONVERSION = YES;
				CLANG_WARN_INFINITE_RECURSION = YES;
				CLANG_WARN_INT_CONVERSION = YES;
				CLANG_WARN_NON_LITERAL_NULL_CONVERSION = YES;
				CLANG_WARN_OBJC_IMPLICIT_RETAIN_SELF = YES;
				CLANG_WARN_OBJC_LITERAL_CONVERSION = YES;
				CLANG_WARN_OBJC_ROOT_CLASS = YES_ERROR;
				CLANG_WARN_QUOTED_INCLUDE_IN_FRAMEWORK_HEADER = YES;
				CLANG_WARN_RANGE_LOOP_ANALYSIS = YES;
				CLANG_WARN_STRICT_PROTOTYPES = YES;
				CLANG_WARN_SUSPICIOUS_MOVE = YES;
				CLANG_WARN_UNGUARDED_AVAILABILITY = YES_AGGRESSIVE;
				CLANG_WARN_UNREACHABLE_CODE = YES;
				CLANG_WARN__DUPLICATE_METHOD_MATCH = YES;
				COPY_PHASE_STRIP = NO;
				DEBUG_INFORMATION_FORMAT = dwarf;
				ENABLE_STRICT_OBJC_MSGSEND = YES;
				ENABLE_TESTABILITY = YES;
				GCC_C_LANGUAGE_STANDARD = gnu11;
				GCC_DYNAMIC_NO_PIC = NO;
				GCC_NO_COMMON_BLOCKS = YES;
				GCC_OPTIMIZATION_LEVEL = 0;
				GCC_PREPROCESSOR_DEFINITIONS = (
					"DEBUG=1",
					"$(inherited)",
				);
				GCC_WARN_64_TO_32_BIT_CONVERSION = YES;
				GCC_WARN_ABOUT_RETURN_TYPE = YES_ERROR;
				GCC_WARN_UNDECLARED_SELECTOR = YES;
				GCC_WARN_UNINITIALIZED_AUTOS = YES_AGGRESSIVE;
				GCC_WARN_UNUSED_FUNCTION = YES;
				GCC_WARN_UNUSED_VARIABLE = YES;
				IPHONEOS_DEPLOYMENT_TARGET = 16.1;
				MTL_ENABLE_DEBUG_INFO = INCLUDE_SOURCE;
				MTL_FAST_MATH = YES;
				ONLY_ACTIVE_ARCH = YES;
				SDKROOT = iphoneos;
				SWIFT_ACTIVE_COMPILATION_CONDITIONS = DEBUG;
				SWIFT_OPTIMIZATION_LEVEL = "-Onone";
			};
			name = Debug;
		};
		502622842937A3D300B5AD11 /* Release */ = {
			isa = XCBuildConfiguration;
			buildSettings = {
				ALWAYS_SEARCH_USER_PATHS = NO;
				CLANG_ANALYZER_NONNULL = YES;
				CLANG_ANALYZER_NUMBER_OBJECT_CONVERSION = YES_AGGRESSIVE;
				CLANG_CXX_LANGUAGE_STANDARD = "gnu++20";
				CLANG_ENABLE_MODULES = YES;
				CLANG_ENABLE_OBJC_ARC = YES;
				CLANG_ENABLE_OBJC_WEAK = YES;
				CLANG_WARN_BLOCK_CAPTURE_AUTORELEASING = YES;
				CLANG_WARN_BOOL_CONVERSION = YES;
				CLANG_WARN_COMMA = YES;
				CLANG_WARN_CONSTANT_CONVERSION = YES;
				CLANG_WARN_DEPRECATED_OBJC_IMPLEMENTATIONS = YES;
				CLANG_WARN_DIRECT_OBJC_ISA_USAGE = YES_ERROR;
				CLANG_WARN_DOCUMENTATION_COMMENTS = YES;
				CLANG_WARN_EMPTY_BODY = YES;
				CLANG_WARN_ENUM_CONVERSION = YES;
				CLANG_WARN_INFINITE_RECURSION = YES;
				CLANG_WARN_INT_CONVERSION = YES;
				CLANG_WARN_NON_LITERAL_NULL_CONVERSION = YES;
				CLANG_WARN_OBJC_IMPLICIT_RETAIN_SELF = YES;
				CLANG_WARN_OBJC_LITERAL_CONVERSION = YES;
				CLANG_WARN_OBJC_ROOT_CLASS = YES_ERROR;
				CLANG_WARN_QUOTED_INCLUDE_IN_FRAMEWORK_HEADER = YES;
				CLANG_WARN_RANGE_LOOP_ANALYSIS = YES;
				CLANG_WARN_STRICT_PROTOTYPES = YES;
				CLANG_WARN_SUSPICIOUS_MOVE = YES;
				CLANG_WARN_UNGUARDED_AVAILABILITY = YES_AGGRESSIVE;
				CLANG_WARN_UNREACHABLE_CODE = YES;
				CLANG_WARN__DUPLICATE_METHOD_MATCH = YES;
				COPY_PHASE_STRIP = NO;
				DEBUG_INFORMATION_FORMAT = "dwarf-with-dsym";
				ENABLE_NS_ASSERTIONS = NO;
				ENABLE_STRICT_OBJC_MSGSEND = YES;
				GCC_C_LANGUAGE_STANDARD = gnu11;
				GCC_NO_COMMON_BLOCKS = YES;
				GCC_WARN_64_TO_32_BIT_CONVERSION = YES;
				GCC_WARN_ABOUT_RETURN_TYPE = YES_ERROR;
				GCC_WARN_UNDECLARED_SELECTOR = YES;
				GCC_WARN_UNINITIALIZED_AUTOS = YES_AGGRESSIVE;
				GCC_WARN_UNUSED_FUNCTION = YES;
				GCC_WARN_UNUSED_VARIABLE = YES;
				IPHONEOS_DEPLOYMENT_TARGET = 16.1;
				MTL_ENABLE_DEBUG_INFO = NO;
				MTL_FAST_MATH = YES;
				SDKROOT = iphoneos;
				SWIFT_COMPILATION_MODE = wholemodule;
				SWIFT_OPTIMIZATION_LEVEL = "-O";
				VALIDATE_PRODUCT = YES;
			};
			name = Release;
		};
		502622862937A3D300B5AD11 /* Debug */ = {
			isa = XCBuildConfiguration;
			buildSettings = {
				ASSETCATALOG_COMPILER_APPICON_NAME = AppIcon;
				ASSETCATALOG_COMPILER_GLOBAL_ACCENT_COLOR_NAME = AccentColor;
				CODE_SIGN_STYLE = Automatic;
				CURRENT_PROJECT_VERSION = 1;
				DEVELOPMENT_TEAM = PT982DDMHZ;
				GENERATE_INFOPLIST_FILE = YES;
				INFOPLIST_FILE = USBreweries/Info.plist;
				INFOPLIST_KEY_UIApplicationSupportsIndirectInputEvents = YES;
				INFOPLIST_KEY_UILaunchStoryboardName = LaunchScreen;
				INFOPLIST_KEY_UIMainStoryboardFile = Main;
				INFOPLIST_KEY_UISupportedInterfaceOrientations = UIInterfaceOrientationPortrait;
				INFOPLIST_KEY_UISupportedInterfaceOrientations_iPad = "UIInterfaceOrientationLandscapeLeft UIInterfaceOrientationLandscapeRight UIInterfaceOrientationPortrait UIInterfaceOrientationPortraitUpsideDown";
				LD_RUNPATH_SEARCH_PATHS = (
					"$(inherited)",
					"@executable_path/Frameworks",
				);
				MARKETING_VERSION = 1.0;
				PRODUCT_BUNDLE_IDENTIFIER = MPol.USBreweries;
				PRODUCT_NAME = "$(TARGET_NAME)";
				SUPPORTED_PLATFORMS = "iphoneos iphonesimulator";
				SUPPORTS_MACCATALYST = NO;
				SUPPORTS_MAC_DESIGNED_FOR_IPHONE_IPAD = NO;
				SWIFT_EMIT_LOC_STRINGS = YES;
				SWIFT_VERSION = 5.0;
				TARGETED_DEVICE_FAMILY = 1;
			};
			name = Debug;
		};
		502622872937A3D300B5AD11 /* Release */ = {
			isa = XCBuildConfiguration;
			buildSettings = {
				ASSETCATALOG_COMPILER_APPICON_NAME = AppIcon;
				ASSETCATALOG_COMPILER_GLOBAL_ACCENT_COLOR_NAME = AccentColor;
				CODE_SIGN_STYLE = Automatic;
				CURRENT_PROJECT_VERSION = 1;
				DEVELOPMENT_TEAM = PT982DDMHZ;
				GENERATE_INFOPLIST_FILE = YES;
				INFOPLIST_FILE = USBreweries/Info.plist;
				INFOPLIST_KEY_UIApplicationSupportsIndirectInputEvents = YES;
				INFOPLIST_KEY_UILaunchStoryboardName = LaunchScreen;
				INFOPLIST_KEY_UIMainStoryboardFile = Main;
				INFOPLIST_KEY_UISupportedInterfaceOrientations = UIInterfaceOrientationPortrait;
				INFOPLIST_KEY_UISupportedInterfaceOrientations_iPad = "UIInterfaceOrientationLandscapeLeft UIInterfaceOrientationLandscapeRight UIInterfaceOrientationPortrait UIInterfaceOrientationPortraitUpsideDown";
				LD_RUNPATH_SEARCH_PATHS = (
					"$(inherited)",
					"@executable_path/Frameworks",
				);
				MARKETING_VERSION = 1.0;
				PRODUCT_BUNDLE_IDENTIFIER = MPol.USBreweries;
				PRODUCT_NAME = "$(TARGET_NAME)";
				SUPPORTED_PLATFORMS = "iphoneos iphonesimulator";
				SUPPORTS_MACCATALYST = NO;
				SUPPORTS_MAC_DESIGNED_FOR_IPHONE_IPAD = NO;
				SWIFT_EMIT_LOC_STRINGS = YES;
				SWIFT_VERSION = 5.0;
				TARGETED_DEVICE_FAMILY = 1;
			};
			name = Release;
		};
/* End XCBuildConfiguration section */

/* Begin XCConfigurationList section */
		5026226C2937A3D200B5AD11 /* Build configuration list for PBXProject "USBreweries" */ = {
			isa = XCConfigurationList;
			buildConfigurations = (
				502622832937A3D300B5AD11 /* Debug */,
				502622842937A3D300B5AD11 /* Release */,
			);
			defaultConfigurationIsVisible = 0;
			defaultConfigurationName = Release;
		};
		502622852937A3D300B5AD11 /* Build configuration list for PBXNativeTarget "USBreweries" */ = {
			isa = XCConfigurationList;
			buildConfigurations = (
				502622862937A3D300B5AD11 /* Debug */,
				502622872937A3D300B5AD11 /* Release */,
			);
			defaultConfigurationIsVisible = 0;
			defaultConfigurationName = Release;
		};
/* End XCConfigurationList section */

/* Begin XCRemoteSwiftPackageReference section */
		509D590229A69B2A008FCC45 /* XCRemoteSwiftPackageReference "Alamofire" */ = {
			isa = XCRemoteSwiftPackageReference;
			repositoryURL = "https://github.com/Alamofire/Alamofire.git";
			requirement = {
				kind = upToNextMajorVersion;
				minimumVersion = 5.0.0;
			};
		};
/* End XCRemoteSwiftPackageReference section */

/* Begin XCSwiftPackageProductDependency section */
		509D590329A69B2A008FCC45 /* Alamofire */ = {
			isa = XCSwiftPackageProductDependency;
			package = 509D590229A69B2A008FCC45 /* XCRemoteSwiftPackageReference "Alamofire" */;
			productName = Alamofire;
		};
/* End XCSwiftPackageProductDependency section */
	};
	rootObject = 502622692937A3D200B5AD11 /* Project object */;
}
